# THIS IS AN AUTOGENERATED FILE. DO NOT EDIT THIS FILE DIRECTLY.
# yarn lockfile v1


"@babel/runtime-corejs3@^7.12.18", "@babel/runtime-corejs3@^7.13.10":
  version "7.14.0"
  resolved "https://registry.yarnpkg.com/@babel/runtime-corejs3/-/runtime-corejs3-7.14.0.tgz#6bf5fbc0b961f8e3202888cb2cd0fb7a0a9a3f66"
  integrity sha512-0R0HTZWHLk6G8jIk0FtoX+AatCtKnswS98VhXwGImFc759PJRp4Tru0PQYZofyijTFUr+gT8Mu7sgXVJLQ0ceg==
  dependencies:
    core-js-pure "^3.0.0"
    regenerator-runtime "^0.13.4"

"@babel/runtime@^7.12.18":
  version "7.14.0"
  resolved "https://registry.yarnpkg.com/@babel/runtime/-/runtime-7.14.0.tgz#46794bc20b612c5f75e62dd071e24dfd95f1cbe6"
  integrity sha512-JELkvo/DlpNdJ7dlyw/eY7E0suy5i5GQH+Vlxaq1nsNJ+H7f4Vtv3jMeCEgRhZZQFXTjldYfQgv2qmM6M1v5wA==
  dependencies:
    regenerator-runtime "^0.13.4"

"@ethersproject/abi@5.1.2", "@ethersproject/abi@^5.0.12", "@ethersproject/abi@^5.1.0":
  version "5.1.2"
  resolved "https://registry.yarnpkg.com/@ethersproject/abi/-/abi-5.1.2.tgz#a8e75cd0455e6dc9e4861c3d1c22bbe436c1d775"
  integrity sha512-uMhoQVPX0UtfzTpekYQSEUcJGDgsJ25ifz+SV6PDETWaUFhcR8RNgb1QPTASP13inW8r6iy0/Xdq9D5hK2pNvA==
  dependencies:
    "@ethersproject/address" "^5.1.0"
    "@ethersproject/bignumber" "^5.1.0"
    "@ethersproject/bytes" "^5.1.0"
    "@ethersproject/constants" "^5.1.0"
    "@ethersproject/hash" "^5.1.0"
    "@ethersproject/keccak256" "^5.1.0"
    "@ethersproject/logger" "^5.1.0"
    "@ethersproject/properties" "^5.1.0"
    "@ethersproject/strings" "^5.1.0"

"@ethersproject/abstract-provider@5.1.0", "@ethersproject/abstract-provider@^5.1.0":
  version "5.1.0"
  resolved "https://registry.yarnpkg.com/@ethersproject/abstract-provider/-/abstract-provider-5.1.0.tgz#1f24c56cda5524ef4ed3cfc562a01d6b6f8eeb0b"
  integrity sha512-8dJUnT8VNvPwWhYIau4dwp7qe1g+KgdRm4XTWvjkI9gAT2zZa90WF5ApdZ3vl1r6NDmnn6vUVvyphClRZRteTQ==
  dependencies:
    "@ethersproject/bignumber" "^5.1.0"
    "@ethersproject/bytes" "^5.1.0"
    "@ethersproject/logger" "^5.1.0"
    "@ethersproject/networks" "^5.1.0"
    "@ethersproject/properties" "^5.1.0"
    "@ethersproject/transactions" "^5.1.0"
    "@ethersproject/web" "^5.1.0"

"@ethersproject/abstract-signer@5.1.0", "@ethersproject/abstract-signer@^5.1.0":
  version "5.1.0"
  resolved "https://registry.yarnpkg.com/@ethersproject/abstract-signer/-/abstract-signer-5.1.0.tgz#744c7a2d0ebe3cc0bc38294d0f53d5ca3f4e49e3"
  integrity sha512-qQDMkjGZSSJSKl6AnfTgmz9FSnzq3iEoEbHTYwjDlEAv+LNP7zd4ixCcVWlWyk+2siud856M5CRhAmPdupeN9w==
  dependencies:
    "@ethersproject/abstract-provider" "^5.1.0"
    "@ethersproject/bignumber" "^5.1.0"
    "@ethersproject/bytes" "^5.1.0"
    "@ethersproject/logger" "^5.1.0"
    "@ethersproject/properties" "^5.1.0"

"@ethersproject/address@5.1.0", "@ethersproject/address@^5.0.10", "@ethersproject/address@^5.1.0":
  version "5.1.0"
  resolved "https://registry.yarnpkg.com/@ethersproject/address/-/address-5.1.0.tgz#3854fd7ebcb6af7597de66f847c3345dae735b58"
  integrity sha512-rfWQR12eHn2cpstCFS4RF7oGjfbkZb0oqep+BfrT+gWEGWG2IowJvIsacPOvzyS1jhNF4MQ4BS59B04Mbovteg==
  dependencies:
    "@ethersproject/bignumber" "^5.1.0"
    "@ethersproject/bytes" "^5.1.0"
    "@ethersproject/keccak256" "^5.1.0"
    "@ethersproject/logger" "^5.1.0"
    "@ethersproject/rlp" "^5.1.0"

"@ethersproject/base64@5.1.0", "@ethersproject/base64@^5.1.0":
  version "5.1.0"
  resolved "https://registry.yarnpkg.com/@ethersproject/base64/-/base64-5.1.0.tgz#27240c174d0a4e13f6eae87416fd876caf7f42b6"
  integrity sha512-npD1bLvK4Bcxz+m4EMkx+F8Rd7CnqS9DYnhNu0/GlQBXhWjvfoAZzk5HJ0f1qeyp8d+A86PTuzLOGOXf4/CN8g==
  dependencies:
    "@ethersproject/bytes" "^5.1.0"

"@ethersproject/basex@5.1.0", "@ethersproject/basex@^5.1.0":
  version "5.1.0"
  resolved "https://registry.yarnpkg.com/@ethersproject/basex/-/basex-5.1.0.tgz#80da2e86f9da0cb5ccd446b337364d791f6a131c"
  integrity sha512-vBKr39bum7DDbOvkr1Sj19bRMEPA4FnST6Utt6xhDzI7o7L6QNkDn2yrCfP+hnvJGhZFKtLygWwqlTBZoBXYLg==
  dependencies:
    "@ethersproject/bytes" "^5.1.0"
    "@ethersproject/properties" "^5.1.0"

"@ethersproject/bignumber@5.1.1", "@ethersproject/bignumber@^5.0.14", "@ethersproject/bignumber@^5.1.0":
  version "5.1.1"
  resolved "https://registry.yarnpkg.com/@ethersproject/bignumber/-/bignumber-5.1.1.tgz#84812695253ccbc639117f7ac49ee1529b68e637"
  integrity sha512-AVz5iqz7+70RIqoQTznsdJ6DOVBYciNlvO+AlQmPTB6ofCvoihI9bQdr6wljsX+d5W7Yc4nyvQvP4JMzg0Agig==
  dependencies:
    "@ethersproject/bytes" "^5.1.0"
    "@ethersproject/logger" "^5.1.0"
    bn.js "^4.4.0"

"@ethersproject/bytes@5.1.0", "@ethersproject/bytes@^5.0.10", "@ethersproject/bytes@^5.1.0":
  version "5.1.0"
  resolved "https://registry.yarnpkg.com/@ethersproject/bytes/-/bytes-5.1.0.tgz#55dfa9c4c21df1b1b538be3accb50fb76d5facfd"
  integrity sha512-sGTxb+LVjFxJcJeUswAIK6ncgOrh3D8c192iEJd7mLr95V6du119rRfYT/b87WPkZ5I3gRBUYIYXtdgCWACe8g==
  dependencies:
    "@ethersproject/logger" "^5.1.0"

"@ethersproject/constants@5.1.0", "@ethersproject/constants@^5.1.0":
  version "5.1.0"
  resolved "https://registry.yarnpkg.com/@ethersproject/constants/-/constants-5.1.0.tgz#4e7da6367ea0e9be87585d8b09f3fccf384b1452"
  integrity sha512-0/SuHrxc8R8k+JiLmJymxHJbojUDWBQqO+b+XFdwaP0jGzqC09YDy/CAlSZB6qHsBifY8X3I89HcK/oMqxRdBw==
  dependencies:
    "@ethersproject/bignumber" "^5.1.0"

"@ethersproject/contracts@5.1.1", "@ethersproject/contracts@^5.0.11":
  version "5.1.1"
  resolved "https://registry.yarnpkg.com/@ethersproject/contracts/-/contracts-5.1.1.tgz#c66cb6d618fcbd73e20a6b808e8f768b2b781d0b"
  integrity sha512-6WwktLJ0DFWU8pDkgH4IGttQHhQN4SnwKFu9h+QYVe48VGWtbDu4W8/q/7QA1u/HWlWMrKxqawPiZUJj0UMvOw==
  dependencies:
    "@ethersproject/abi" "^5.1.0"
    "@ethersproject/abstract-provider" "^5.1.0"
    "@ethersproject/abstract-signer" "^5.1.0"
    "@ethersproject/address" "^5.1.0"
    "@ethersproject/bignumber" "^5.1.0"
    "@ethersproject/bytes" "^5.1.0"
    "@ethersproject/constants" "^5.1.0"
    "@ethersproject/logger" "^5.1.0"
    "@ethersproject/properties" "^5.1.0"
    "@ethersproject/transactions" "^5.1.0"

"@ethersproject/hash@5.1.0", "@ethersproject/hash@^5.1.0":
  version "5.1.0"
  resolved "https://registry.yarnpkg.com/@ethersproject/hash/-/hash-5.1.0.tgz#40961d64837d57f580b7b055e0d74174876d891e"
  integrity sha512-fNwry20yLLPpnRRwm3fBL+2ksgO+KMadxM44WJmRIoTKzy4269+rbq9KFoe2LTqq2CXJM2CE70beGaNrpuqflQ==
  dependencies:
    "@ethersproject/abstract-signer" "^5.1.0"
    "@ethersproject/address" "^5.1.0"
    "@ethersproject/bignumber" "^5.1.0"
    "@ethersproject/bytes" "^5.1.0"
    "@ethersproject/keccak256" "^5.1.0"
    "@ethersproject/logger" "^5.1.0"
    "@ethersproject/properties" "^5.1.0"
    "@ethersproject/strings" "^5.1.0"

"@ethersproject/hdnode@5.1.0", "@ethersproject/hdnode@^5.1.0":
  version "5.1.0"
  resolved "https://registry.yarnpkg.com/@ethersproject/hdnode/-/hdnode-5.1.0.tgz#2bf5c4048935136ce83e9242e1bd570afcc0bc83"
  integrity sha512-obIWdlujloExPHWJGmhJO/sETOOo7SEb6qemV4f8kyFoXg+cJK+Ta9SvBrj7hsUK85n3LZeZJZRjjM7oez3Clg==
  dependencies:
    "@ethersproject/abstract-signer" "^5.1.0"
    "@ethersproject/basex" "^5.1.0"
    "@ethersproject/bignumber" "^5.1.0"
    "@ethersproject/bytes" "^5.1.0"
    "@ethersproject/logger" "^5.1.0"
    "@ethersproject/pbkdf2" "^5.1.0"
    "@ethersproject/properties" "^5.1.0"
    "@ethersproject/sha2" "^5.1.0"
    "@ethersproject/signing-key" "^5.1.0"
    "@ethersproject/strings" "^5.1.0"
    "@ethersproject/transactions" "^5.1.0"
    "@ethersproject/wordlists" "^5.1.0"

"@ethersproject/json-wallets@5.1.0", "@ethersproject/json-wallets@^5.1.0":
  version "5.1.0"
  resolved "https://registry.yarnpkg.com/@ethersproject/json-wallets/-/json-wallets-5.1.0.tgz#bba7af2e520e8aea4d3829d80520db5d2e4fb8d2"
  integrity sha512-00n2iBy27w8zrGZSiU762UOVuzCQZxUZxopsZC47++js6xUFuI74DHcJ5K/2pddlF1YBskvmMuboEu1geK8mnA==
  dependencies:
    "@ethersproject/abstract-signer" "^5.1.0"
    "@ethersproject/address" "^5.1.0"
    "@ethersproject/bytes" "^5.1.0"
    "@ethersproject/hdnode" "^5.1.0"
    "@ethersproject/keccak256" "^5.1.0"
    "@ethersproject/logger" "^5.1.0"
    "@ethersproject/pbkdf2" "^5.1.0"
    "@ethersproject/properties" "^5.1.0"
    "@ethersproject/random" "^5.1.0"
    "@ethersproject/strings" "^5.1.0"
    "@ethersproject/transactions" "^5.1.0"
    aes-js "3.0.0"
    scrypt-js "3.0.1"

"@ethersproject/keccak256@5.1.0", "@ethersproject/keccak256@^5.0.8", "@ethersproject/keccak256@^5.1.0":
  version "5.1.0"
  resolved "https://registry.yarnpkg.com/@ethersproject/keccak256/-/keccak256-5.1.0.tgz#fdcd88fb13bfef4271b225cdd8dec4d315c8e60e"
  integrity sha512-vrTB1W6AEYoadww5c9UyVJ2YcSiyIUTNDRccZIgwTmFFoSHwBtcvG1hqy9RzJ1T0bMdATbM9Hfx2mJ6H0i7Hig==
  dependencies:
    "@ethersproject/bytes" "^5.1.0"
    js-sha3 "0.5.7"

"@ethersproject/logger@5.1.0", "@ethersproject/logger@^5.1.0":
  version "5.1.0"
  resolved "https://registry.yarnpkg.com/@ethersproject/logger/-/logger-5.1.0.tgz#4cdeeefac029373349d5818f39c31b82cc6d9bbf"
  integrity sha512-wtUaD1lBX10HBXjjKV9VHCBnTdUaKQnQ2XSET1ezglqLdPdllNOIlLfhyCRqXm5xwcjExVI5ETokOYfjPtaAlw==

"@ethersproject/networks@5.1.0", "@ethersproject/networks@^5.1.0":
  version "5.1.0"
  resolved "https://registry.yarnpkg.com/@ethersproject/networks/-/networks-5.1.0.tgz#f537290cb05aa6dc5e81e910926c04cfd5814bca"
  integrity sha512-A/NIrIED/G/IgU1XUukOA3WcFRxn2I4O5GxsYGA5nFlIi+UZWdGojs85I1VXkR1gX9eFnDXzjE6OtbgZHjFhIA==
  dependencies:
    "@ethersproject/logger" "^5.1.0"

"@ethersproject/pbkdf2@5.1.0", "@ethersproject/pbkdf2@^5.1.0":
  version "5.1.0"
  resolved "https://registry.yarnpkg.com/@ethersproject/pbkdf2/-/pbkdf2-5.1.0.tgz#6b740a85dc780e879338af74856ca2c0d3b24d19"
  integrity sha512-B8cUbHHTgs8OtgJIafrRcz/YPDobVd5Ru8gTnShOiM9EBuFpYHQpq3+8iQJ6pyczDu6HP/oc/njAsIBhwFZYew==
  dependencies:
    "@ethersproject/bytes" "^5.1.0"
    "@ethersproject/sha2" "^5.1.0"

"@ethersproject/properties@5.1.0", "@ethersproject/properties@^5.1.0":
  version "5.1.0"
  resolved "https://registry.yarnpkg.com/@ethersproject/properties/-/properties-5.1.0.tgz#9484bd6def16595fc6e4bdc26f29dff4d3f6ac42"
  integrity sha512-519KKTwgmH42AQL3+GFV3SX6khYEfHsvI6v8HYejlkigSDuqttdgVygFTDsGlofNFchhDwuclrxQnD5B0YLNMg==
  dependencies:
    "@ethersproject/logger" "^5.1.0"

"@ethersproject/providers@5.1.2", "@ethersproject/providers@^5.0.23":
  version "5.1.2"
  resolved "https://registry.yarnpkg.com/@ethersproject/providers/-/providers-5.1.2.tgz#4e4459698903f911402fe91aa7544eb07f3921ed"
  integrity sha512-GqsS8rd+eyd4eNkcNgzZ4l9IRULBPUZa7JPnv22k4MHflMobUseyhfbVnmoN5bVNNkOxjV1IPTw9i0sV1hwdpg==
  dependencies:
    "@ethersproject/abstract-provider" "^5.1.0"
    "@ethersproject/abstract-signer" "^5.1.0"
    "@ethersproject/address" "^5.1.0"
    "@ethersproject/basex" "^5.1.0"
    "@ethersproject/bignumber" "^5.1.0"
    "@ethersproject/bytes" "^5.1.0"
    "@ethersproject/constants" "^5.1.0"
    "@ethersproject/hash" "^5.1.0"
    "@ethersproject/logger" "^5.1.0"
    "@ethersproject/networks" "^5.1.0"
    "@ethersproject/properties" "^5.1.0"
    "@ethersproject/random" "^5.1.0"
    "@ethersproject/rlp" "^5.1.0"
    "@ethersproject/sha2" "^5.1.0"
    "@ethersproject/strings" "^5.1.0"
    "@ethersproject/transactions" "^5.1.0"
    "@ethersproject/web" "^5.1.0"
    bech32 "1.1.4"
    ws "7.2.3"

"@ethersproject/random@5.1.0", "@ethersproject/random@^5.1.0":
  version "5.1.0"
  resolved "https://registry.yarnpkg.com/@ethersproject/random/-/random-5.1.0.tgz#0bdff2554df03ebc5f75689614f2d58ea0d9a71f"
  integrity sha512-+uuczLQZ4+no9cP6TCoCktXx0u2YbNaRT7lRkSt12d8263e702f0u+4JnnRO8Qmv5nylWJebnqCHzyxP+6mLqw==
  dependencies:
    "@ethersproject/bytes" "^5.1.0"
    "@ethersproject/logger" "^5.1.0"

"@ethersproject/rlp@5.1.0", "@ethersproject/rlp@^5.1.0":
  version "5.1.0"
  resolved "https://registry.yarnpkg.com/@ethersproject/rlp/-/rlp-5.1.0.tgz#700f4f071c27fa298d3c1d637485fefe919dd084"
  integrity sha512-vDTyHIwNPrecy55gKGZ47eJZhBm8LLBxihzi5ou+zrSvYTpkSTWRcKUlXFDFQVwfWB+P5PGyERAdiDEI76clxw==
  dependencies:
    "@ethersproject/bytes" "^5.1.0"
    "@ethersproject/logger" "^5.1.0"

"@ethersproject/sha2@5.1.0", "@ethersproject/sha2@^5.0.8", "@ethersproject/sha2@^5.1.0":
  version "5.1.0"
  resolved "https://registry.yarnpkg.com/@ethersproject/sha2/-/sha2-5.1.0.tgz#6ca42d1a26884b3e32ffa943fe6494af7211506c"
  integrity sha512-+fNSeZRstOpdRJpdGUkRONFCaiAqWkc91zXgg76Nlp5ndBQE25Kk5yK8gCPG1aGnCrbariiPr5j9DmrYH78JCA==
  dependencies:
    "@ethersproject/bytes" "^5.1.0"
    "@ethersproject/logger" "^5.1.0"
    hash.js "1.1.3"

"@ethersproject/signing-key@5.1.0", "@ethersproject/signing-key@^5.1.0":
  version "5.1.0"
  resolved "https://registry.yarnpkg.com/@ethersproject/signing-key/-/signing-key-5.1.0.tgz#6eddfbddb6826b597b9650e01acf817bf8991b9c"
  integrity sha512-tE5LFlbmdObG8bY04NpuwPWSRPgEswfxweAI1sH7TbP0ml1elNfqcq7ii/3AvIN05i5U0Pkm3Tf8bramt8MmLw==
  dependencies:
    "@ethersproject/bytes" "^5.1.0"
    "@ethersproject/logger" "^5.1.0"
    "@ethersproject/properties" "^5.1.0"
    bn.js "^4.4.0"
    elliptic "6.5.4"

"@ethersproject/solidity@5.1.0":
  version "5.1.0"
  resolved "https://registry.yarnpkg.com/@ethersproject/solidity/-/solidity-5.1.0.tgz#095a9c75244edccb26c452c155736d363399b954"
  integrity sha512-kPodsGyo9zg1g9XSXp1lGhFaezBAUUsAUB1Vf6OkppE5Wksg4Et+x3kG4m7J/uShDMP2upkJtHNsIBK2XkVpKQ==
  dependencies:
    "@ethersproject/bignumber" "^5.1.0"
    "@ethersproject/bytes" "^5.1.0"
    "@ethersproject/keccak256" "^5.1.0"
    "@ethersproject/sha2" "^5.1.0"
    "@ethersproject/strings" "^5.1.0"

"@ethersproject/strings@5.1.0", "@ethersproject/strings@^5.1.0":
  version "5.1.0"
  resolved "https://registry.yarnpkg.com/@ethersproject/strings/-/strings-5.1.0.tgz#0f95a56c3c8c9d5510a06c241d818779750e2da5"
  integrity sha512-perBZy0RrmmL0ejiFGUOlBVjMsUceqLut3OBP3zP96LhiJWWbS8u1NqQVgN4/Gyrbziuda66DxiQocXhsvx+Sw==
  dependencies:
    "@ethersproject/bytes" "^5.1.0"
    "@ethersproject/constants" "^5.1.0"
    "@ethersproject/logger" "^5.1.0"

"@ethersproject/transactions@5.1.1", "@ethersproject/transactions@^5.0.10", "@ethersproject/transactions@^5.1.0":
  version "5.1.1"
  resolved "https://registry.yarnpkg.com/@ethersproject/transactions/-/transactions-5.1.1.tgz#5a6bbb25fb062c3cc75eb0db12faefcdd3870813"
  integrity sha512-Nwgbp09ttIVN0OoUBatCXaHxR7grWPHbozJN8v7AXDLrl6nnOIBEMDh+yJTnosSQlFhcyjfTGGN+Mx6R8HdvMw==
  dependencies:
    "@ethersproject/address" "^5.1.0"
    "@ethersproject/bignumber" "^5.1.0"
    "@ethersproject/bytes" "^5.1.0"
    "@ethersproject/constants" "^5.1.0"
    "@ethersproject/keccak256" "^5.1.0"
    "@ethersproject/logger" "^5.1.0"
    "@ethersproject/properties" "^5.1.0"
    "@ethersproject/rlp" "^5.1.0"
    "@ethersproject/signing-key" "^5.1.0"

"@ethersproject/units@5.1.0":
  version "5.1.0"
  resolved "https://registry.yarnpkg.com/@ethersproject/units/-/units-5.1.0.tgz#b6ab3430ebc22adc3cb4839516496f167bee3ad5"
  integrity sha512-isvJrx6qG0nKWfxsGORNjmOq/nh175fStfvRTA2xEKrGqx8JNJY83fswu4GkILowfriEM/eYpretfJnfzi7YhA==
  dependencies:
    "@ethersproject/bignumber" "^5.1.0"
    "@ethersproject/constants" "^5.1.0"
    "@ethersproject/logger" "^5.1.0"

"@ethersproject/wallet@5.1.0", "@ethersproject/wallet@^5.0.11":
  version "5.1.0"
  resolved "https://registry.yarnpkg.com/@ethersproject/wallet/-/wallet-5.1.0.tgz#134c5816eaeaa586beae9f9ff67891104a2c9a15"
  integrity sha512-ULmUtiYQLTUS+y3DgkLzRhFEK10zMwmjOthnjiZxee3Q/MVwr3rnmuAnXIUZrPjna6hvUPnyRIdW5XuF0Ld0YQ==
  dependencies:
    "@ethersproject/abstract-provider" "^5.1.0"
    "@ethersproject/abstract-signer" "^5.1.0"
    "@ethersproject/address" "^5.1.0"
    "@ethersproject/bignumber" "^5.1.0"
    "@ethersproject/bytes" "^5.1.0"
    "@ethersproject/hash" "^5.1.0"
    "@ethersproject/hdnode" "^5.1.0"
    "@ethersproject/json-wallets" "^5.1.0"
    "@ethersproject/keccak256" "^5.1.0"
    "@ethersproject/logger" "^5.1.0"
    "@ethersproject/properties" "^5.1.0"
    "@ethersproject/random" "^5.1.0"
    "@ethersproject/signing-key" "^5.1.0"
    "@ethersproject/transactions" "^5.1.0"
    "@ethersproject/wordlists" "^5.1.0"

"@ethersproject/web@5.1.0", "@ethersproject/web@^5.0.13", "@ethersproject/web@^5.1.0":
  version "5.1.0"
  resolved "https://registry.yarnpkg.com/@ethersproject/web/-/web-5.1.0.tgz#ed56bbe4e3d9a8ffe3b2ed882da5c62d3551381b"
  integrity sha512-LTeluWgTq04+RNqAkVhpydPcRZK/kKxD2Vy7PYGrAD27ABO9kTqTBKwiOuzTyAHKUQHfnvZbXmxBXJAGViSDcA==
  dependencies:
    "@ethersproject/base64" "^5.1.0"
    "@ethersproject/bytes" "^5.1.0"
    "@ethersproject/logger" "^5.1.0"
    "@ethersproject/properties" "^5.1.0"
    "@ethersproject/strings" "^5.1.0"

"@ethersproject/wordlists@5.1.0", "@ethersproject/wordlists@^5.1.0":
  version "5.1.0"
  resolved "https://registry.yarnpkg.com/@ethersproject/wordlists/-/wordlists-5.1.0.tgz#54eb9ef3a00babbff90ffe124e19c89e07e6aace"
  integrity sha512-NsUCi/TpBb+oTFvMSccUkJGtp5o/84eOyqp5q5aBeiNBSLkYyw21znRn9mAmxZgySpxgruVgKbaapnYPgvctPQ==
  dependencies:
    "@ethersproject/bytes" "^5.1.0"
    "@ethersproject/hash" "^5.1.0"
    "@ethersproject/logger" "^5.1.0"
    "@ethersproject/properties" "^5.1.0"
    "@ethersproject/strings" "^5.1.0"

"@peculiar/asn1-schema@^2.0.27":
  version "2.0.32"
  resolved "https://registry.yarnpkg.com/@peculiar/asn1-schema/-/asn1-schema-2.0.32.tgz#8711214df06859dbea5491ca0b400602adfbfc45"
  integrity sha512-JzGUVxOFN+RKslJrGAxcq4l6tEmmLY1XuALHINVxc8BJsB4bXOdZzTvxbN9dCPk65Vbulno0B6DmImZ7I6SO8w==
  dependencies:
    "@types/asn1js" "^2.0.0"
    asn1js "^2.1.1"
    pvtsutils "^1.1.2"
    tslib "^2.2.0"

"@peculiar/json-schema@^1.1.12":
  version "1.1.12"
  resolved "https://registry.yarnpkg.com/@peculiar/json-schema/-/json-schema-1.1.12.tgz#fe61e85259e3b5ba5ad566cb62ca75b3d3cd5339"
  integrity sha512-coUfuoMeIB7B8/NMekxaDzLhaYmp0HZNPEjYRm9goRou8UZIC3z21s0sL9AWoCw4EG876QyO3kYrc61WNF9B/w==
  dependencies:
    tslib "^2.0.0"

"@types/asn1js@^2.0.0":
  version "2.0.0"
  resolved "https://registry.yarnpkg.com/@types/asn1js/-/asn1js-2.0.0.tgz#10ca75692575744d0117098148a8dc84cbee6682"
  integrity sha512-Jjzp5EqU0hNpADctc/UqhiFbY1y2MqIxBVa2S4dBlbnZHTLPMuggoL5q43X63LpsOIINRDirBjP56DUUKIUWIA==

"@types/debug@^4.1.5":
  version "4.1.5"
  resolved "https://registry.yarnpkg.com/@types/debug/-/debug-4.1.5.tgz#b14efa8852b7768d898906613c23f688713e02cd"
  integrity sha512-Q1y515GcOdTHgagaVFhHnIFQ38ygs/kmxdNpvpou+raI9UO3YZcHDngBSYKQklcKlvA7iuQlmIKbzvmxcOE9CQ==

aes-js@3.0.0:
  version "3.0.0"
  resolved "https://registry.yarnpkg.com/aes-js/-/aes-js-3.0.0.tgz#e21df10ad6c2053295bcbb8dab40b09dbea87e4d"
  integrity sha1-4h3xCtbCBTKVvLuNq0Cwnb6ofk0=

asn1js@^2.0.26, asn1js@^2.1.1:
  version "2.1.1"
  resolved "https://registry.yarnpkg.com/asn1js/-/asn1js-2.1.1.tgz#bb3896191ebb5fb1caeda73436a6c6e20a2eedff"
  integrity sha512-t9u0dU0rJN4ML+uxgN6VM2Z4H5jWIYm0w8LsZLzMJaQsgL3IJNbxHgmbWDvJAwspyHpDFuzUaUFh4c05UB4+6g==
  dependencies:
    pvutils latest

base64-js@^1.3.1:
  version "1.5.1"
  resolved "https://registry.yarnpkg.com/base64-js/-/base64-js-1.5.1.tgz#1b1b440160a5bf7ad40b650f095963481903930a"
  integrity sha512-AKpaYlHn8t4SVbOHCy+b5+KKgvR4vrsD8vbvrbiQJps7fKDTkjkDry6ji0rUJjC0kzbNePLwzxq8iypo41qeWA==

bech32@1.1.4:
  version "1.1.4"
  resolved "https://registry.yarnpkg.com/bech32/-/bech32-1.1.4.tgz#e38c9f37bf179b8eb16ae3a772b40c356d4832e9"
  integrity sha512-s0IrSOzLlbvX7yp4WBfPITzpAU8sqQcpsmwXDiKwrG4r491vwCO/XpejasRNl0piBMe/DvP4Tz0mIS/X1DPJBQ==

bn.js@^4.11.9, bn.js@^4.4.0:
  version "4.12.0"
  resolved "https://registry.yarnpkg.com/bn.js/-/bn.js-4.12.0.tgz#775b3f278efbb9718eec7361f483fb36fbbfea88"
  integrity sha512-c98Bf3tPniI+scsdk237ku1Dc3ujXQTSgyiPUDEOe7tRkhrqridvh8klBv0HCEso1OLOYcHuCv/cS6DNxKH+ZA==

brorand@^1.1.0:
  version "1.1.0"
  resolved "https://registry.yarnpkg.com/brorand/-/brorand-1.1.0.tgz#12c25efe40a45e3c323eb8675a0a0ce57b22371f"
  integrity sha1-EsJe/kCkXjwyPrhnWgoM5XsiNx8=

buffer@6.0.3:
  version "6.0.3"
  resolved "https://registry.yarnpkg.com/buffer/-/buffer-6.0.3.tgz#2ace578459cc8fbe2a70aaa8f52ee63b6a74c6c6"
  integrity sha512-FTiCpNxtwiZZHEZbcbTIcZjERVICn9yq/pDFkTl95/AxzD1naBctN7YO68riM/gLSDY7sdrMby8hofADYuuqOA==
  dependencies:
    base64-js "^1.3.1"
    ieee754 "^1.2.1"

bufferutil@^4.0.3:
  version "4.0.3"
  resolved "https://registry.yarnpkg.com/bufferutil/-/bufferutil-4.0.3.tgz#66724b756bed23cd7c28c4d306d7994f9943cc6b"
  integrity sha512-yEYTwGndELGvfXsImMBLop58eaGW+YdONi1fNjTINSY98tmMmFijBG6WXgdkfuLNt4imzQNtIE+eBp1PVpMCSw==
  dependencies:
    node-gyp-build "^4.2.0"

call-bind@^1.0.0:
  version "1.0.2"
  resolved "https://registry.yarnpkg.com/call-bind/-/call-bind-1.0.2.tgz#b1d4e89e688119c3c9a903ad30abb2f6a919be3c"
  integrity sha512-7O+FbCihrB5WGbFYesctwmTKae6rOiIzmz1icreWJ+0aA7LJfuqhEso2T9ncpcFtzMQtzXf2QGGueWJGTYsqrA==
  dependencies:
    function-bind "^1.1.1"
    get-intrinsic "^1.0.2"

core-js-pure@^3.0.0:
  version "3.12.1"
  resolved "https://registry.yarnpkg.com/core-js-pure/-/core-js-pure-3.12.1.tgz#934da8b9b7221e2a2443dc71dfa5bd77a7ea00b8"
  integrity sha512-1cch+qads4JnDSWsvc7d6nzlKAippwjUlf6vykkTLW53VSV+NkE6muGBToAjEA8pG90cSfcud3JgVmW2ds5TaQ==

debug@^4.3.1:
  version "4.3.1"
  resolved "https://registry.yarnpkg.com/debug/-/debug-4.3.1.tgz#f0d229c505e0c6d8c49ac553d1b13dc183f6b2ee"
  integrity sha512-doEwdvm4PCeK4K3RQN2ZC2BYUBaxwLARCqZmMjtF8a51J2Rb0xpVloFRnCODwqjpwnAoao4pelN8l3RJdv3gRQ==
  dependencies:
    ms "2.1.2"

debug@^4.3.2:
  version "4.3.2"
  resolved "https://registry.yarnpkg.com/debug/-/debug-4.3.2.tgz#f0a49c18ac8779e31d4a0c6029dfb76873c7428b"
  integrity sha512-mOp8wKcvj7XxC78zLgw/ZA+6TSgkoE2C/ienthhRD298T7UNwAg9diBpLRxC0mOezLl4B0xV7M0cCO6P/O0Xhw==
  dependencies:
    ms "2.1.2"

elliptic@6.5.4, elliptic@^6.5.2:
  version "6.5.4"
  resolved "https://registry.yarnpkg.com/elliptic/-/elliptic-6.5.4.tgz#da37cebd31e79a1367e941b592ed1fbebd58abbb"
  integrity sha512-iLhC6ULemrljPZb+QutR5TQGB+pdW6KGD5RSegS+8sorOZT+rdQFbsQFJgvN3eRqNALqJer4oQ16YvJHlU8hzQ==
  dependencies:
    bn.js "^4.11.9"
    brorand "^1.1.0"
    hash.js "^1.0.0"
    hmac-drbg "^1.0.1"
    inherits "^2.0.4"
    minimalistic-assert "^1.0.1"
    minimalistic-crypto-utils "^1.0.1"

ethers@^5.0.32:
  version "5.1.4"
  resolved "https://registry.yarnpkg.com/ethers/-/ethers-5.1.4.tgz#8ae973705ed962f8f41dc59693704002a38dd18b"
  integrity sha512-EAPQ/fgGRu0PoR/VNFnHTMOtG/IZ0AItdW55C9T8ffmVu0rnyllZL404eBF66elJehOLz2kxnUrhXpE7TCpW7g==
  dependencies:
    "@ethersproject/abi" "5.1.2"
    "@ethersproject/abstract-provider" "5.1.0"
    "@ethersproject/abstract-signer" "5.1.0"
    "@ethersproject/address" "5.1.0"
    "@ethersproject/base64" "5.1.0"
    "@ethersproject/basex" "5.1.0"
    "@ethersproject/bignumber" "5.1.1"
    "@ethersproject/bytes" "5.1.0"
    "@ethersproject/constants" "5.1.0"
    "@ethersproject/contracts" "5.1.1"
    "@ethersproject/hash" "5.1.0"
    "@ethersproject/hdnode" "5.1.0"
    "@ethersproject/json-wallets" "5.1.0"
    "@ethersproject/keccak256" "5.1.0"
    "@ethersproject/logger" "5.1.0"
    "@ethersproject/networks" "5.1.0"
    "@ethersproject/pbkdf2" "5.1.0"
    "@ethersproject/properties" "5.1.0"
    "@ethersproject/providers" "5.1.2"
    "@ethersproject/random" "5.1.0"
    "@ethersproject/rlp" "5.1.0"
    "@ethersproject/sha2" "5.1.0"
    "@ethersproject/signing-key" "5.1.0"
    "@ethersproject/solidity" "5.1.0"
    "@ethersproject/strings" "5.1.0"
    "@ethersproject/transactions" "5.1.1"
    "@ethersproject/units" "5.1.0"
    "@ethersproject/wallet" "5.1.0"
    "@ethersproject/web" "5.1.0"
    "@ethersproject/wordlists" "5.1.0"

eventemitter3@^4.0.4, eventemitter3@^4.0.7:
  version "4.0.7"
  resolved "https://registry.yarnpkg.com/eventemitter3/-/eventemitter3-4.0.7.tgz#2de9b68f6528d5644ef5c59526a1b4a07306169f"
  integrity sha512-8guHBZCwKnFhYdHr2ysuRWErTwhoN2X8XELRlrRwpmfeY2jjuUN4taQMsULKUVo1K4DvZl+0pgfyoysHxvmvEw==

function-bind@^1.1.1:
  version "1.1.1"
  resolved "https://registry.yarnpkg.com/function-bind/-/function-bind-1.1.1.tgz#a56899d3ea3c9bab874bb9773b7c5ede92f4895d"
  integrity sha512-yIovAzMX49sF8Yl58fSCWJ5svSLuaibPxXQJFLmBObTuCr0Mf1KiPopGM9NiFjiYBCbfaa2Fh6breQ6ANVTI0A==

get-intrinsic@^1.0.2:
  version "1.1.1"
  resolved "https://registry.yarnpkg.com/get-intrinsic/-/get-intrinsic-1.1.1.tgz#15f59f376f855c446963948f0d24cd3637b4abc6"
  integrity sha512-kWZrnVM42QCiEA2Ig1bG8zjoIMOgxWwYCEeNdwY6Tv/cOSeGpcoX4pXHfKUxNKVoArnrEr2e9srnAxxGIraS9Q==
  dependencies:
    function-bind "^1.1.1"
    has "^1.0.3"
    has-symbols "^1.0.1"

has-symbols@^1.0.1:
  version "1.0.2"
  resolved "https://registry.yarnpkg.com/has-symbols/-/has-symbols-1.0.2.tgz#165d3070c00309752a1236a479331e3ac56f1423"
  integrity sha512-chXa79rL/UC2KlX17jo3vRGz0azaWEx5tGqZg5pO3NUyEJVB17dMruQlzCCOfUvElghKcm5194+BCRvi2Rv/Gw==

has@^1.0.3:
  version "1.0.3"
  resolved "https://registry.yarnpkg.com/has/-/has-1.0.3.tgz#722d7cbfc1f6aa8241f16dd814e011e1f41e8796"
  integrity sha512-f2dvO0VU6Oej7RkWJGrehjbzMAjFp5/VKPp5tTpWIV4JHHZK1/BxbFRtf/siA2SWTe09caDmVtYYzWEIbBS4zw==
  dependencies:
    function-bind "^1.1.1"

hash.js@1.1.3:
  version "1.1.3"
  resolved "https://registry.yarnpkg.com/hash.js/-/hash.js-1.1.3.tgz#340dedbe6290187151c1ea1d777a3448935df846"
  integrity sha512-/UETyP0W22QILqS+6HowevwhEFJ3MBJnwTf75Qob9Wz9t0DPuisL8kW8YZMK62dHAKE1c1p+gY1TtOLY+USEHA==
  dependencies:
    inherits "^2.0.3"
    minimalistic-assert "^1.0.0"

hash.js@^1.0.0, hash.js@^1.0.3:
  version "1.1.7"
  resolved "https://registry.yarnpkg.com/hash.js/-/hash.js-1.1.7.tgz#0babca538e8d4ee4a0f8988d68866537a003cf42"
  integrity sha512-taOaskGt4z4SOANNseOviYDvjEJinIkRgmp7LbKP2YTTmVxWBl87s/uzK9r+44BclBSp2X7K1hqeNfz9JbBeXA==
  dependencies:
    inherits "^2.0.3"
    minimalistic-assert "^1.0.1"

heap@^0.2.6:
  version "0.2.6"
  resolved "https://registry.yarnpkg.com/heap/-/heap-0.2.6.tgz#087e1f10b046932fc8594dd9e6d378afc9d1e5ac"
  integrity sha1-CH4fELBGky/IWU3Z5tN4r8nR5aw=

hmac-drbg@^1.0.1:
  version "1.0.1"
  resolved "https://registry.yarnpkg.com/hmac-drbg/-/hmac-drbg-1.0.1.tgz#d2745701025a6c775a6c545793ed502fc0c649a1"
  integrity sha1-0nRXAQJabHdabFRXk+1QL8DGSaE=
  dependencies:
    hash.js "^1.0.3"
    minimalistic-assert "^1.0.0"
    minimalistic-crypto-utils "^1.0.1"

ieee754@^1.2.1:
  version "1.2.1"
  resolved "https://registry.yarnpkg.com/ieee754/-/ieee754-1.2.1.tgz#8eb7a10a63fff25d15a57b001586d177d1b0d352"
  integrity sha512-dcyqhDvX1C46lXZcVqCpK+FtMRQVdIMN6/Df5js2zouUsqG7I6sFxitIC+7KYK29KdXOLHdu9zL4sFnoVQnqaA==

inherits@^2.0.3, inherits@^2.0.4:
  version "2.0.4"
  resolved "https://registry.yarnpkg.com/inherits/-/inherits-2.0.4.tgz#0fa2c64f932917c3433a0ded55363aae37416b7c"
  integrity sha512-k/vGaX4/Yla3WzyMCvTQOXYeIHvqOKtnqBduzTHpzpQZzAskKMhZ2K+EnBiSM9zGSoIFeMpXKxa4dYeZIQqewQ==

js-sha3@0.5.7:
  version "0.5.7"
  resolved "https://registry.yarnpkg.com/js-sha3/-/js-sha3-0.5.7.tgz#0d4ffd8002d5333aabaf4a23eed2f6374c9f28e7"
  integrity sha1-DU/9gALVMzqrr0oj7tL2N0yfKOc=

lodash@^4.17.21:
  version "4.17.21"
  resolved "https://registry.yarnpkg.com/lodash/-/lodash-4.17.21.tgz#679591c564c3bffaae8454cf0b3df370c3d6911c"
  integrity sha512-v2kDEe57lecTulaDIuNTPy3Ry4gLGJ6Z1O3vE1krgXZNrsQ+LFTGHVxVjcXPs17LhbZVGedAJv8XZ1tvj5FvSg==

map-age-cleaner@^0.1.3:
  version "0.1.3"
  resolved "https://registry.yarnpkg.com/map-age-cleaner/-/map-age-cleaner-0.1.3.tgz#7d583a7306434c055fe474b0f45078e6e1b4b92a"
  integrity sha512-bJzx6nMoP6PDLPBFmg7+xRKeFZvFboMrGlxmNj9ClvX53KrmvM5bXFXEWjbz4cz1AFn+jWJ9z/DJSz7hrs0w3w==
  dependencies:
    p-defer "^1.0.0"

mem@^6.0.1:
  version "6.1.1"
  resolved "https://registry.yarnpkg.com/mem/-/mem-6.1.1.tgz#ea110c2ebc079eca3022e6b08c85a795e77f6318"
  integrity sha512-Ci6bIfq/UgcxPTYa8dQQ5FY3BzKkT894bwXWXxC/zqs0XgMO2cT20CGkOqda7gZNkmK5VP4x89IGZ6K7hfbn3Q==
  dependencies:
    map-age-cleaner "^0.1.3"
    mimic-fn "^3.0.0"

mem@^8.0.0:
  version "8.1.1"
  resolved "https://registry.yarnpkg.com/mem/-/mem-8.1.1.tgz#cf118b357c65ab7b7e0817bdf00c8062297c0122"
  integrity sha512-qFCFUDs7U3b8mBDPyz5EToEKoAkgCzqquIgi9nkkR9bixxOVOre+09lbuH7+9Kn2NFpm56M3GUWVbU2hQgdACA==
  dependencies:
    map-age-cleaner "^0.1.3"
    mimic-fn "^3.1.0"

mimic-fn@^3.0.0, mimic-fn@^3.1.0:
  version "3.1.0"
  resolved "https://registry.yarnpkg.com/mimic-fn/-/mimic-fn-3.1.0.tgz#65755145bbf3e36954b949c16450427451d5ca74"
  integrity sha512-Ysbi9uYW9hFyfrThdDEQuykN4Ey6BuwPD2kpI5ES/nFTDn/98yxYNLZJcgUAKPT/mcrLLKaGzJR9YVxJrIdASQ==

minimalistic-assert@^1.0.0, minimalistic-assert@^1.0.1:
  version "1.0.1"
  resolved "https://registry.yarnpkg.com/minimalistic-assert/-/minimalistic-assert-1.0.1.tgz#2e194de044626d4a10e7f7fbc00ce73e83e4d5c7"
  integrity sha512-UtJcAD4yEaGtjPezWuO9wC4nwUnVH/8/Im3yEHQP4b67cXlD/Qr9hdITCU1xDbSEXg2XKNaP8jsReV7vQd00/A==

minimalistic-crypto-utils@^1.0.1:
  version "1.0.1"
  resolved "https://registry.yarnpkg.com/minimalistic-crypto-utils/-/minimalistic-crypto-utils-1.0.1.tgz#f6c00c1c0b082246e5c4d99dfb8c7c083b2b582a"
  integrity sha1-9sAMHAsIIkblxNmd+4x8CDsrWCo=

mkdirp@^1.0.4:
  version "1.0.4"
  resolved "https://registry.yarnpkg.com/mkdirp/-/mkdirp-1.0.4.tgz#3eb5ed62622756d79a5f0e2a221dfebad75c2f7e"
  integrity sha512-vVqVZQyf3WLx2Shd0qJ9xuvqgAyKPLAiqITEtqW0oIUjzo3PePDd6fW9iFz30ef7Ysp/oiWqbhszeGWW2T6Gzw==

ms@2.1.2:
  version "2.1.2"
  resolved "https://registry.yarnpkg.com/ms/-/ms-2.1.2.tgz#d09d1f357b443f493382a8eb3ccd183872ae6009"
  integrity sha512-sGkPx+VjMtmA6MX27oA4FBFELFCZZ4S4XqeGOXCv68tT+jb3vk/RyaKWP0PTKyWtmLSM0b+adUTEvbs1PEaH2w==

nan@^2.14.1:
  version "2.14.2"
  resolved "https://registry.yarnpkg.com/nan/-/nan-2.14.2.tgz#f5376400695168f4cc694ac9393d0c9585eeea19"
  integrity sha512-M2ufzIiINKCuDfBSAUr1vWQ+vuVcA9kqx8JJUsbQi6yf1uGRyb7HfpdfUr5qLXf3B/t8dPvcjhKMmlfnP47EzQ==

node-abort-controller@^1.1.0:
  version "1.2.1"
  resolved "https://registry.yarnpkg.com/node-abort-controller/-/node-abort-controller-1.2.1.tgz#1eddb57eb8fea734198b11b28857596dc6165708"
  integrity sha512-79PYeJuj6S9+yOHirR0JBLFOgjB6sQCir10uN6xRx25iD+ZD4ULqgRn3MwWBRaQGB0vEgReJzWwJo42T1R6YbQ==

node-addon-api@^2.0.0:
  version "2.0.2"
  resolved "https://registry.yarnpkg.com/node-addon-api/-/node-addon-api-2.0.2.tgz#432cfa82962ce494b132e9d72a15b29f71ff5d32"
  integrity sha512-Ntyt4AIXyaLIuMHF6IOoTakB3K+RWxwtsHNRxllEoA6vPwP9o4866g6YWDLUdnucilZhmkxiHwHr11gAENw+QA==

node-fetch@^2.6.1:
  version "2.6.1"
  resolved "https://registry.yarnpkg.com/node-fetch/-/node-fetch-2.6.1.tgz#045bd323631f76ed2e2b55573394416b639a0052"
  integrity sha512-V4aYg89jEoVRxRb2fJdAg8FHvI7cEyYdVAh94HH0UIK8oJxUfkjlDQN9RbMx+bEjP7+ggMiFRprSti032Oipxw==

node-gyp-build@^4.2.0:
  version "4.2.3"
  resolved "https://registry.yarnpkg.com/node-gyp-build/-/node-gyp-build-4.2.3.tgz#ce6277f853835f718829efb47db20f3e4d9c4739"
  integrity sha512-MN6ZpzmfNCRM+3t57PTJHgHyw/h4OWnZ6mR8P5j/uZtqQr46RRuDE/P+g3n0YR/AiYXeWixZZzaip77gdICfRg==

node-webcrypto-ossl@^2.1.2:
  version "2.1.2"
  resolved "https://registry.yarnpkg.com/node-webcrypto-ossl/-/node-webcrypto-ossl-2.1.2.tgz#f7bd052867ec1e995a346e5694e3e05308069fd1"
  integrity sha512-EkrrRUWW+2QrsZ8PZfPSaRlWg38WOv2/mZTcW0l2SbEYERJ0G3OkW6kBiTpzUtcM+2PBaspNRZPfpBvvLp0NTQ==
  dependencies:
    mkdirp "^1.0.4"
    nan "^2.14.1"
    pvtsutils "^1.0.11"
    tslib "^2.0.1"
    webcrypto-core "^1.1.6"

object-inspect@^1.9.0:
  version "1.10.3"
  resolved "https://registry.yarnpkg.com/object-inspect/-/object-inspect-1.10.3.tgz#c2aa7d2d09f50c99375704f7a0adf24c5782d369"
  integrity sha512-e5mCJlSH7poANfC8z8S9s9S2IN5/4Zb3aZ33f5s8YqoazCFzNLloLU8r5VCG+G7WoqLvAAZoVMcy3tp/3X0Plw==

once@^1.4.0:
  version "1.4.0"
  resolved "https://registry.yarnpkg.com/once/-/once-1.4.0.tgz#583b1aa775961d4b113ac17d9c50baef9dd76bd1"
  integrity sha1-WDsap3WWHUsROsF9nFC6753Xa9E=
  dependencies:
    wrappy "1"

p-defer@^1.0.0:
  version "1.0.0"
  resolved "https://registry.yarnpkg.com/p-defer/-/p-defer-1.0.0.tgz#9f6eb182f6c9aa8cd743004a7d4f96b196b0fb0c"
  integrity sha1-n26xgvbJqozXQwBKfU+WsZaw+ww=

p-finally@^1.0.0:
  version "1.0.0"
  resolved "https://registry.yarnpkg.com/p-finally/-/p-finally-1.0.0.tgz#3fbcfb15b899a44123b34b6dcc18b724336a2cae"
  integrity sha1-P7z7FbiZpEEjs0ttzBi3JDNqLK4=

p-limit@^3.1.0:
  version "3.1.0"
  resolved "https://registry.yarnpkg.com/p-limit/-/p-limit-3.1.0.tgz#e1daccbe78d0d1388ca18c64fea38e3e57e3706b"
  integrity sha512-TYOanM3wGwNGsZN2cVTYPArw454xnXj5qmWF1bEoAc4+cU/ol7GVh7odevjp1FNHduHc3KZMcFduxU5Xc6uJRQ==
  dependencies:
    yocto-queue "^0.1.0"

p-memoize@^4.0.1:
  version "4.0.1"
  resolved "https://registry.yarnpkg.com/p-memoize/-/p-memoize-4.0.1.tgz#6f4231857fec10de2504611fe820c808fa8c5f8b"
  integrity sha512-km0sP12uE0dOZ5qP+s7kGVf07QngxyG0gS8sYFvFWhqlgzOsSy+m71aUejf/0akxj5W7gE//2G74qTv6b4iMog==
  dependencies:
    mem "^6.0.1"
    mimic-fn "^3.0.0"

p-queue@^6.6.2:
  version "6.6.2"
  resolved "https://registry.yarnpkg.com/p-queue/-/p-queue-6.6.2.tgz#2068a9dcf8e67dd0ec3e7a2bcb76810faa85e426"
  integrity sha512-RwFpb72c/BhQLEXIZ5K2e+AhgNVmIejGlTgiB9MzZ0e93GRvqZ7uSi0dvRF7/XIXDeNkra2fNHBxTyPDGySpjQ==
  dependencies:
    eventemitter3 "^4.0.4"
    p-timeout "^3.2.0"

p-timeout@^3.2.0:
  version "3.2.0"
  resolved "https://registry.yarnpkg.com/p-timeout/-/p-timeout-3.2.0.tgz#c7e17abc971d2a7962ef83626b35d635acf23dfe"
  integrity sha512-rhIwUycgwwKcP9yTOOFK/AKsAopjjCakVqLHePO3CC6Mir1Z99xT+R63jZxAT5lFZLa2inS5h+ZS2GvR99/FBg==
  dependencies:
    p-finally "^1.0.0"

promise-memoize@^1.2.1:
  version "1.2.1"
  resolved "https://registry.yarnpkg.com/promise-memoize/-/promise-memoize-1.2.1.tgz#71f9554a989cf6bf8987b43a52132d5c79312657"
  integrity sha1-cflVSpic9r+Jh7Q6UhMtXHkxJlc=

pvtsutils@^1.0.11, pvtsutils@^1.1.2:
  version "1.1.7"
  resolved "https://registry.yarnpkg.com/pvtsutils/-/pvtsutils-1.1.7.tgz#39a65ccb3b7448c974f6a6141ce2aad037b3f13c"
  integrity sha512-faOiD/XpB/cIebRzYwzYjCmYgiDd53YEBni+Mt1+8/HlrARHYBpsU2OHOt3EZ1ZhfRNxPL0dH3K/vKaMgNWVGA==
  dependencies:
    tslib "^2.2.0"

pvutils@latest:
  version "1.0.17"
  resolved "https://registry.yarnpkg.com/pvutils/-/pvutils-1.0.17.tgz#ade3c74dfe7178944fe44806626bd2e249d996bf"
  integrity sha512-wLHYUQxWaXVQvKnwIDWFVKDJku9XDCvyhhxoq8dc5MFdIlRenyPI9eSfEtcvgHgD7FlvCyGAlWgOzRnZD99GZQ==

qs@^6.9.6:
  version "6.10.1"
  resolved "https://registry.yarnpkg.com/qs/-/qs-6.10.1.tgz#4931482fa8d647a5aab799c5271d2133b981fb6a"
  integrity sha512-M528Hph6wsSVOBiYUnGf+K/7w0hNshs/duGsNXPUCLH5XAqjEtiPGwNONLV0tBH8NoGb0mvD5JubnUTrujKDTg==
  dependencies:
    side-channel "^1.0.4"

quick-lru@^6.0.0:
  version "6.0.0"
  resolved "https://registry.yarnpkg.com/quick-lru/-/quick-lru-6.0.0.tgz#c5a245a773c702694870828e5f09b28f7af087db"
  integrity sha512-kQ3ACYYIALMi7x8xvMU+qSF6N6baMZms8/q3dn2XFiORhFrLbpR6vTRNGR80HwlakWSoY4RnGoCJWUgnyH6zZQ==

readable-stream@^3.6.0:
  version "3.6.0"
  resolved "https://registry.yarnpkg.com/readable-stream/-/readable-stream-3.6.0.tgz#337bbda3adc0706bd3e024426a286d4b4b2c9198"
  integrity sha512-BViHy7LKeTz4oNnkcLJ+lVSL6vpiFeX6/d3oSH8zCW7UxP2onchk+vTGB143xuFjHS3deTgkKoXXymXqymiIdA==
  dependencies:
    inherits "^2.0.3"
    string_decoder "^1.1.1"
    util-deprecate "^1.0.1"

regenerator-runtime@^0.13.4:
  version "0.13.7"
  resolved "https://registry.yarnpkg.com/regenerator-runtime/-/regenerator-runtime-0.13.7.tgz#cac2dacc8a1ea675feaabaeb8ae833898ae46f55"
  integrity sha512-a54FxoJDIr27pgf7IgeQGxmqUNYrcV338lf/6gH456HZ/PhX+5BcwHXG9ajESmwe6WRO0tAzRUrRmNONWgkrew==

safe-buffer@~5.2.0:
  version "5.2.1"
  resolved "https://registry.yarnpkg.com/safe-buffer/-/safe-buffer-5.2.1.tgz#1eaf9fa9bdb1fdd4ec75f58f9cdb4e6b7827eec6"
  integrity sha512-rp3So07KcdmmKbGvgaNxQSJr7bGVSVk5S9Eq1F+ppbRo70+YeaDxkw5Dd8NPN+GD6bjnYm2VuPuCXmpuYvmCXQ==

scrypt-js@3.0.1:
  version "3.0.1"
  resolved "https://registry.yarnpkg.com/scrypt-js/-/scrypt-js-3.0.1.tgz#d314a57c2aef69d1ad98a138a21fe9eafa9ee312"
  integrity sha512-cdwTTnqPu0Hyvf5in5asVdZocVDTNRmR7XEcJuIzMjJeSHybHl7vpB66AzwTaIg6CLSbtjcxc8fqcySfnTkccA==

secp256k1@^4.0.2:
  version "4.0.2"
  resolved "https://registry.yarnpkg.com/secp256k1/-/secp256k1-4.0.2.tgz#15dd57d0f0b9fdb54ac1fa1694f40e5e9a54f4a1"
  integrity sha512-UDar4sKvWAksIlfX3xIaQReADn+WFnHvbVujpcbr+9Sf/69odMwy2MUsz5CKLQgX9nsIyrjuxL2imVyoNHa3fg==
  dependencies:
    elliptic "^6.5.2"
    node-addon-api "^2.0.0"
    node-gyp-build "^4.2.0"

sha3@^2.1.4:
  version "2.1.4"
  resolved "https://registry.yarnpkg.com/sha3/-/sha3-2.1.4.tgz#000fac0fe7c2feac1f48a25e7a31b52a6492cc8f"
  integrity sha512-S8cNxbyb0UGUM2VhRD4Poe5N58gJnJsLJ5vC7FYWGUmGhcsj4++WaIOBFVDxlG0W3To6xBuiRh+i0Qp2oNCOtg==
  dependencies:
    buffer "6.0.3"

side-channel@^1.0.4:
  version "1.0.4"
  resolved "https://registry.yarnpkg.com/side-channel/-/side-channel-1.0.4.tgz#efce5c8fdc104ee751b25c58d4290011fa5ea2cf"
  integrity sha512-q5XPytqFEIKHkGdiMIrY10mvLRvnQh42/+GoBlFW3b2LXLE2xxJpZFdm94we0BaoV3RwJyGqg5wS7epxTv0Zvw==
  dependencies:
    call-bind "^1.0.0"
    get-intrinsic "^1.0.2"
    object-inspect "^1.9.0"

streamr-client-protocol@^8.0.0-beta.2:
  version "8.0.5"
  resolved "https://registry.yarnpkg.com/streamr-client-protocol/-/streamr-client-protocol-8.0.5.tgz#c3c2a009d5530ea0a0e6eb6db1e435fc76600bc2"
  integrity sha512-GLTH1Kh06eIltGafyVfY/L4UU1m21RxBVGdwfeCYpqt3WhriZOY7zVsO/iNksUukDBQcyL/rfiRBjFO2YBrBvg==
  dependencies:
    "@babel/runtime-corejs3" "^7.13.10"
    "@types/debug" "^4.1.5"
    debug "^4.3.1"
    ethers "^5.0.32"
    eventemitter3 "^4.0.7"
    heap "^0.2.6"
    promise-memoize "^1.2.1"
    secp256k1 "^4.0.2"
    sha3 "^2.1.4"
    strict-event-emitter-types "^2.0.0"

streamr-client@^5.2.1:
  version "5.2.1"
  resolved "https://registry.yarnpkg.com/streamr-client/-/streamr-client-5.2.1.tgz#a9e81f0b12cd1cb92ffa4967bc788c76577351ce"
  integrity sha512-C1yMzvuskjtRHHtftgEpSsGI74D+ZbJltZsZAjb3Vwt75h0R/zcTzacipNvJa4IbIRDMTIWhqvVJd185PSv3zQ==
  dependencies:
    "@babel/runtime" "^7.12.18"
    "@babel/runtime-corejs3" "^7.12.18"
    "@ethersproject/abi" "^5.0.12"
    "@ethersproject/address" "^5.0.10"
    "@ethersproject/bignumber" "^5.0.14"
    "@ethersproject/bytes" "^5.0.10"
    "@ethersproject/contracts" "^5.0.11"
    "@ethersproject/keccak256" "^5.0.8"
    "@ethersproject/providers" "^5.0.23"
    "@ethersproject/sha2" "^5.0.8"
    "@ethersproject/transactions" "^5.0.10"
    "@ethersproject/wallet" "^5.0.11"
    "@ethersproject/web" "^5.0.13"
    debug "^4.3.2"
    eventemitter3 "^4.0.7"
    lodash "^4.17.21"
    mem "^8.0.0"
    node-abort-controller "^1.1.0"
    node-fetch "^2.6.1"
    node-webcrypto-ossl "^2.1.2"
    once "^1.4.0"
    p-limit "^3.1.0"
    p-memoize "^4.0.1"
    p-queue "^6.6.2"
    promise-memoize "^1.2.1"
    qs "^6.9.6"
    quick-lru "^6.0.0"
    readable-stream "^3.6.0"
    streamr-client-protocol "^8.0.0-beta.2"
    ts-toolbelt "^9.3.12"
    uuid "^8.3.2"
    webpack-node-externals "^2.5.2"
    ws "^7.4.3"
  optionalDependencies:
    bufferutil "^4.0.3"
    utf-8-validate "^5.0.4"

strict-event-emitter-types@^2.0.0:
  version "2.0.0"
  resolved "https://registry.yarnpkg.com/strict-event-emitter-types/-/strict-event-emitter-types-2.0.0.tgz#05e15549cb4da1694478a53543e4e2f4abcf277f"
  integrity sha512-Nk/brWYpD85WlOgzw5h173aci0Teyv8YdIAEtV+N88nDB0dLlazZyJMIsN6eo1/AR61l+p6CJTG1JIyFaoNEEA==

string_decoder@^1.1.1:
  version "1.3.0"
  resolved "https://registry.yarnpkg.com/string_decoder/-/string_decoder-1.3.0.tgz#42f114594a46cf1a8e30b0a84f56c78c3edac21e"
  integrity sha512-hkRX8U1WjJFd8LsDJ2yQ/wWWxaopEsABU1XfkM8A+j0+85JAGppt16cr1Whg6KIbb4okU6Mql6BOj+uup/wKeA==
  dependencies:
    safe-buffer "~5.2.0"

ts-toolbelt@^9.3.12:
  version "9.6.0"
  resolved "https://registry.yarnpkg.com/ts-toolbelt/-/ts-toolbelt-9.6.0.tgz#50a25426cfed500d4a09bd1b3afb6f28879edfd5"
  integrity sha512-nsZd8ZeNUzukXPlJmTBwUAuABDe/9qtVDelJeT/qW0ow3ZS3BsQJtNkan1802aM9Uf68/Y8ljw86Hu0h5IUW3w==

tslib@^2.0.0, tslib@^2.0.1, tslib@^2.1.0, tslib@^2.2.0:
  version "2.2.0"
  resolved "https://registry.yarnpkg.com/tslib/-/tslib-2.2.0.tgz#fb2c475977e35e241311ede2693cee1ec6698f5c"
  integrity sha512-gS9GVHRU+RGn5KQM2rllAlR3dU6m7AcpJKdtH8gFvQiC4Otgk98XnmMU+nZenHt/+VhnBPWwgrJsyrdcw6i23w==

utf-8-validate@^5.0.4:
  version "5.0.5"
  resolved "https://registry.yarnpkg.com/utf-8-validate/-/utf-8-validate-5.0.5.tgz#dd32c2e82c72002dc9f02eb67ba6761f43456ca1"
  integrity sha512-+pnxRYsS/axEpkrrEpzYfNZGXp0IjC/9RIxwM5gntY4Koi8SHmUGSfxfWqxZdRxrtaoVstuOzUp/rbs3JSPELQ==
  dependencies:
    node-gyp-build "^4.2.0"

util-deprecate@^1.0.1:
  version "1.0.2"
  resolved "https://registry.yarnpkg.com/util-deprecate/-/util-deprecate-1.0.2.tgz#450d4dc9fa70de732762fbd2d4a28981419a0ccf"
  integrity sha1-RQ1Nyfpw3nMnYvvS1KKJgUGaDM8=

uuid@^8.3.2:
  version "8.3.2"
  resolved "https://registry.yarnpkg.com/uuid/-/uuid-8.3.2.tgz#80d5b5ced271bb9af6c445f21a1a04c606cefbe2"
  integrity sha512-+NYs2QeMWy+GWFOEm9xnn6HCDp0l7QBD7ml8zLUmJ+93Q5NF0NocErnwkTkXVFNiX3/fpC6afS8Dhb/gz7R7eg==

webcrypto-core@^1.1.6:
  version "1.2.0"
  resolved "https://registry.yarnpkg.com/webcrypto-core/-/webcrypto-core-1.2.0.tgz#44fda3f9315ed6effe9a1e47466e0935327733b5"
  integrity sha512-p76Z/YLuE4CHCRdc49FB/ETaM4bzM3roqWNJeGs+QNY1fOTzKTOVnhmudW1fuO+5EZg6/4LG9NJ6gaAyxTk9XQ==
  dependencies:
    "@peculiar/asn1-schema" "^2.0.27"
    "@peculiar/json-schema" "^1.1.12"
    asn1js "^2.0.26"
    pvtsutils "^1.1.2"
    tslib "^2.1.0"

webpack-node-externals@^2.5.2:
  version "2.5.2"
  resolved "https://registry.yarnpkg.com/webpack-node-externals/-/webpack-node-externals-2.5.2.tgz#178e017a24fec6015bc9e672c77958a6afac861d"
  integrity sha512-aHdl/y2N7PW2Sx7K+r3AxpJO+aDMcYzMQd60Qxefq3+EwhewSbTBqNumOsCE1JsCUNoyfGj5465N0sSf6hc/5w==

wrappy@1:
  version "1.0.2"
  resolved "https://registry.yarnpkg.com/wrappy/-/wrappy-1.0.2.tgz#b5243d8f3ec1aa35f1364605bc0d1036e30ab69f"
  integrity sha1-tSQ9jz7BqjXxNkYFvA0QNuMKtp8=

ws@7.2.3:
  version "7.2.3"
  resolved "https://registry.yarnpkg.com/ws/-/ws-7.2.3.tgz#a5411e1fb04d5ed0efee76d26d5c46d830c39b46"
  integrity sha512-HTDl9G9hbkNDk98naoR/cHDws7+EyYMOdL1BmjsZXRUjf7d+MficC4B7HLUPlSiho0vg+CWKrGIt/VJBd1xunQ==

ws@^7.4.3:
  version "7.4.5"
  resolved "https://registry.yarnpkg.com/ws/-/ws-7.4.5.tgz#a484dd851e9beb6fdb420027e3885e8ce48986c1"
  integrity sha512-xzyu3hFvomRfXKH8vOFMU3OguG6oOvhXMo3xsGy3xWExqaM2dxBbVxuD99O7m3ZUFMvvscsZDqxfgMaRr/Nr1g==

yocto-queue@^0.1.0:
  version "0.1.0"
  resolved "https://registry.yarnpkg.com/yocto-queue/-/yocto-queue-0.1.0.tgz#0294eb3dee05028d31ee1a5fa2c556a6aaf10a1b"
  integrity sha512-rVksvsnNCdJ/ohGc6xgPwyN8eheCxsiLM8mxuE/t/mOVqJewPuO1miLpTHQiRgTKCLexL4MeAFVagts7HmNZ2Q==
